
Microsoft Visual Studio Solution File, Format Version 12.00
# Visual Studio 15
VisualStudioVersion = 15.0.27703.2042
MinimumVisualStudioVersion = 10.0.40219.1
Project("{FAE04EC0-301F-11D3-BF4B-00C04F79EFBC}") = "Juego", "Juego\Juego.csproj", "{A97B6A6C-BFE2-4E9F-AC89-8FA887B8DC6A}"
EndProject
Global
	GlobalSection(SolutionConfigurationPlatforms) = preSolution
		Debug|Any CPU = Debug|Any CPU
		Release|Any CPU = Release|Any CPU
	EndGlobalSection
	GlobalSection(ProjectConfigurationPlatforms) = postSolution
		{A97B6A6C-BFE2-4E9F-AC89-8FA887B8DC6A}.Debug|Any CPU.ActiveCfg = Debug|Any CPU
		{A97B6A6C-BFE2-4E9F-AC89-8FA887B8DC6A}.Debug|Any CPU.Build.0 = Debug|Any CPU
		{A97B6A6C-BFE2-4E9F-AC89-8FA887B8DC6A}.Release|Any CPU.ActiveCfg = Release|Any CPU
		{A97B6A6C-BFE2-4E9F-AC89-8FA887B8DC6A}.Release|Any CPU.Build.0 = Release|Any CPU
	EndGlobalSection
	GlobalSection(SolutionProperties) = preSolution
		HideSolutionNode = FALSE
	EndGlobalSection
	GlobalSection(ExtensibilityGlobals) = postSolution
		SolutionGuid = {6D02859E-8B86-4F3A-AE4C-AB9688638A12}
	EndGlobalSection
EndGlobal
